
Microsoft Visual Studio Solution File, Format Version 11.00
# Visual Studio 2010
Project("{F184B08F-C81C-45F6-A57F-5ABD9991F28F}") = "Drill-ThroughDemo_2010", "Drill-ThroughDemo_2010.vbproj", "{777ED051-2E42-4E98-85CC-B46CABB5B7E3}"
EndProject
Global
	GlobalSection(SolutionConfigurationPlatforms) = preSolution
		Debug|Any CPU = Debug|Any CPU
		Debug|Mixed Platforms = Debug|Mixed Platforms
		Debug|x86 = Debug|x86
		Release|Any CPU = Release|Any CPU
		Release|Mixed Platforms = Release|Mixed Platforms
		Release|x86 = Release|x86
		Release-xml|Any CPU = Release-xml|Any CPU
		Release-xml|Mixed Platforms = Release-xml|Mixed Platforms
		Release-xml|x86 = Release-xml|x86
	EndGlobalSection
	GlobalSection(ProjectConfigurationPlatforms) = postSolution
		{777ED051-2E42-4E98-85CC-B46CABB5B7E3}.Debug|Any CPU.ActiveCfg = Debug|x86
		{777ED051-2E42-4E98-85CC-B46CABB5B7E3}.Debug|Mixed Platforms.ActiveCfg = Debug|x86
		{777ED051-2E42-4E98-85CC-B46CABB5B7E3}.Debug|Mixed Platforms.Build.0 = Debug|x86
		{777ED051-2E42-4E98-85CC-B46CABB5B7E3}.Debug|x86.ActiveCfg = Debug|x86
		{777ED051-2E42-4E98-85CC-B46CABB5B7E3}.Debug|x86.Build.0 = Debug|x86
		{777ED051-2E42-4E98-85CC-B46CABB5B7E3}.Release|Any CPU.ActiveCfg = Release|x86
		{777ED051-2E42-4E98-85CC-B46CABB5B7E3}.Release|Mixed Platforms.ActiveCfg = Release|x86
		{777ED051-2E42-4E98-85CC-B46CABB5B7E3}.Release|Mixed Platforms.Build.0 = Release|x86
		{777ED051-2E42-4E98-85CC-B46CABB5B7E3}.Release|x86.ActiveCfg = Release|x86
		{777ED051-2E42-4E98-85CC-B46CABB5B7E3}.Release|x86.Build.0 = Release|x86
		{777ED051-2E42-4E98-85CC-B46CABB5B7E3}.Release-xml|Any CPU.ActiveCfg = Release|x86
		{777ED051-2E42-4E98-85CC-B46CABB5B7E3}.Release-xml|Mixed Platforms.ActiveCfg = Release|x86
		{777ED051-2E42-4E98-85CC-B46CABB5B7E3}.Release-xml|Mixed Platforms.Build.0 = Release|x86
		{777ED051-2E42-4E98-85CC-B46CABB5B7E3}.Release-xml|x86.ActiveCfg = Release|x86
		{777ED051-2E42-4E98-85CC-B46CABB5B7E3}.Release-xml|x86.Build.0 = Release|x86
	EndGlobalSection
	GlobalSection(SolutionProperties) = preSolution
		HideSolutionNode = FALSE
	EndGlobalSection
EndGlobal
