
Microsoft Visual Studio Solution File, Format Version 13.00
# Visual Studio 2013
Project("{FAE04EC0-301F-11D3-BF4B-00C04F79EFBC}") = "SelfRelationalDatabindingDemo_2013", "SelfRelationalDatabindingDemo_2013.csproj", "{335446FD-B1F8-483F-B7FF-EEE239050141}"
EndProject
Global
	GlobalSection(SolutionConfigurationPlatforms) = preSolution
		Debug|Any CPU = Debug|Any CPU
		Release|Any CPU = Release|Any CPU
	EndGlobalSection
	GlobalSection(ProjectConfigurationPlatforms) = postSolution
		{335446FD-B1F8-483F-B7FF-EEE239050141}.Debug|Any CPU.ActiveCfg = Debug|Any CPU
		{335446FD-B1F8-483F-B7FF-EEE239050141}.Debug|Any CPU.Build.0 = Debug|Any CPU
		{335446FD-B1F8-483F-B7FF-EEE239050141}.Release|Any CPU.ActiveCfg = Release|Any CPU
		{335446FD-B1F8-483F-B7FF-EEE239050141}.Release|Any CPU.Build.0 = Release|Any CPU
	EndGlobalSection
	GlobalSection(SolutionProperties) = preSolution
		HideSolutionNode = FALSE
	EndGlobalSection
EndGlobal
