
Microsoft Visual Studio Solution File, Format Version 13.00
# Visual Studio 2013
Project("{FAE04EC0-301F-11D3-BF4B-00C04F79EFBC}") = "TreeGridMinimalSample_2013", "TreeGridMinimalSample_2013.csproj", "{F9DE7437-054C-4FE9-BAE2-541B02DF491B}"
EndProject
Global
	GlobalSection(SolutionConfigurationPlatforms) = preSolution
		Debug|x86 = Debug|x86
		Release|x86 = Release|x86
	EndGlobalSection
	GlobalSection(ProjectConfigurationPlatforms) = postSolution
		{F9DE7437-054C-4FE9-BAE2-541B02DF491B}.Debug|x86.ActiveCfg = Debug|x86
		{F9DE7437-054C-4FE9-BAE2-541B02DF491B}.Debug|x86.Build.0 = Debug|x86
		{F9DE7437-054C-4FE9-BAE2-541B02DF491B}.Release|x86.ActiveCfg = Release|x86
		{F9DE7437-054C-4FE9-BAE2-541B02DF491B}.Release|x86.Build.0 = Release|x86
	EndGlobalSection
	GlobalSection(SolutionProperties) = preSolution
		HideSolutionNode = FALSE
	EndGlobalSection
EndGlobal
