
Microsoft Visual Studio Solution File, Format Version 12.00
# Visual Studio 2012
Project("{FAE04EC0-301F-11D3-BF4B-00C04F79EFBC}") = "ContextMenuDemo_2012", "ContextMenuDemo_2012.csproj", "{ED5B68CC-BDB2-4575-A211-A5C687D19C08}"
EndProject
Global
	GlobalSection(SolutionConfigurationPlatforms) = preSolution
		Debug|x86 = Debug|x86
		Release|x86 = Release|x86
	EndGlobalSection
	GlobalSection(ProjectConfigurationPlatforms) = postSolution
		{ED5B68CC-BDB2-4575-A211-A5C687D19C08}.Debug|x86.ActiveCfg = Debug|x86
		{ED5B68CC-BDB2-4575-A211-A5C687D19C08}.Debug|x86.Build.0 = Debug|x86
		{ED5B68CC-BDB2-4575-A211-A5C687D19C08}.Release|x86.ActiveCfg = Release|x86
		{ED5B68CC-BDB2-4575-A211-A5C687D19C08}.Release|x86.Build.0 = Release|x86
	EndGlobalSection
	GlobalSection(SolutionProperties) = preSolution
		HideSolutionNode = FALSE
	EndGlobalSection
EndGlobal
