
Microsoft Visual Studio Solution File, Format Version 12.00
# Visual Studio 2013
VisualStudioVersion = 12.0.31101.0
MinimumVisualStudioVersion = 10.0.40219.1
Project("{FAE04EC0-301F-11D3-BF4B-00C04F79EFBC}") = "Serialization_2013", "Serialization_2013.csproj", "{B84797CA-CA87-422A-8126-E3F331A7B3DC}"
EndProject
Global
	GlobalSection(SolutionConfigurationPlatforms) = preSolution
		Debug|Any CPU = Debug|Any CPU
		Release|Any CPU = Release|Any CPU
	EndGlobalSection
	GlobalSection(ProjectConfigurationPlatforms) = postSolution
		{B84797CA-CA87-422A-8126-E3F331A7B3DC}.Debug|Any CPU.ActiveCfg = Debug|Any CPU
		{B84797CA-CA87-422A-8126-E3F331A7B3DC}.Debug|Any CPU.Build.0 = Debug|Any CPU
		{B84797CA-CA87-422A-8126-E3F331A7B3DC}.Release|Any CPU.ActiveCfg = Release|Any CPU
		{B84797CA-CA87-422A-8126-E3F331A7B3DC}.Release|Any CPU.Build.0 = Release|Any CPU
	EndGlobalSection
	GlobalSection(SolutionProperties) = preSolution
		HideSolutionNode = FALSE
	EndGlobalSection
EndGlobal
