
Microsoft Visual Studio Solution File, Format Version 13.00
# Visual Studio 2013
Project("{FAE04EC0-301F-11D3-BF4B-00C04F79EFBC}") = "RowStylesDemo_2013", "RowStylesDemo_2013.csproj", "{D1A81A82-2EE5-4801-84A8-A5B7FB468837}"
EndProject
Global
	GlobalSection(SolutionConfigurationPlatforms) = preSolution
		Debug|x86 = Debug|x86
		Release|x86 = Release|x86
	EndGlobalSection
	GlobalSection(ProjectConfigurationPlatforms) = postSolution
		{D1A81A82-2EE5-4801-84A8-A5B7FB468837}.Debug|x86.ActiveCfg = Debug|x86
		{D1A81A82-2EE5-4801-84A8-A5B7FB468837}.Debug|x86.Build.0 = Debug|x86
		{D1A81A82-2EE5-4801-84A8-A5B7FB468837}.Release|x86.ActiveCfg = Release|x86
		{D1A81A82-2EE5-4801-84A8-A5B7FB468837}.Release|x86.Build.0 = Release|x86
	EndGlobalSection
	GlobalSection(SolutionProperties) = preSolution
		HideSolutionNode = FALSE
	EndGlobalSection
EndGlobal
