
Microsoft Visual Studio Solution File, Format Version 11.00
# Visual Studio 2010
Project("{FAE04EC0-301F-11D3-BF4B-00C04F79EFBC}") = "ColumnBasedSizingDemo_2010", "ColumnBasedSizingDemo_2010.csproj", "{0672D328-449B-4101-9DB9-D7406DA0D426}"
EndProject
Global
	GlobalSection(SolutionConfigurationPlatforms) = preSolution
		Debug|x86 = Debug|x86
		Release|x86 = Release|x86
	EndGlobalSection
	GlobalSection(ProjectConfigurationPlatforms) = postSolution
		{0672D328-449B-4101-9DB9-D7406DA0D426}.Debug|x86.ActiveCfg = Debug|x86
		{0672D328-449B-4101-9DB9-D7406DA0D426}.Debug|x86.Build.0 = Debug|x86
		{0672D328-449B-4101-9DB9-D7406DA0D426}.Release|x86.ActiveCfg = Release|x86
		{0672D328-449B-4101-9DB9-D7406DA0D426}.Release|x86.Build.0 = Release|x86
	EndGlobalSection
	GlobalSection(SolutionProperties) = preSolution
		HideSolutionNode = FALSE
	EndGlobalSection
EndGlobal
