
Microsoft Visual Studio Solution File, Format Version 11.00
# Visual Studio 2010
Project("{FAE04EC0-301F-11D3-BF4B-00C04F79EFBC}") = "Reminder Alert Demo_2010", "Reminder Alert Demo_2010.csproj", "{634E18E1-170D-4FC4-8653-1B416A5B8509}"
EndProject
Global
	GlobalSection(SolutionConfigurationPlatforms) = preSolution
		Debug|Any CPU = Debug|Any CPU
		Release|Any CPU = Release|Any CPU
	EndGlobalSection
	GlobalSection(ProjectConfigurationPlatforms) = postSolution
		{634E18E1-170D-4FC4-8653-1B416A5B8509}.Debug|Any CPU.ActiveCfg = Debug|Any CPU
		{634E18E1-170D-4FC4-8653-1B416A5B8509}.Debug|Any CPU.Build.0 = Debug|Any CPU
		{634E18E1-170D-4FC4-8653-1B416A5B8509}.Release|Any CPU.ActiveCfg = Release|Any CPU
		{634E18E1-170D-4FC4-8653-1B416A5B8509}.Release|Any CPU.Build.0 = Release|Any CPU
	EndGlobalSection
	GlobalSection(SolutionProperties) = preSolution
		HideSolutionNode = FALSE
	EndGlobalSection
EndGlobal
