
Microsoft Visual Studio Solution File, Format Version 12.00
# Visual Studio 14
VisualStudioVersion = 14.0.23103.0
MinimumVisualStudioVersion = 10.0.40219.1
Project("{FAE04EC0-301F-11D3-BF4B-00C04F79EFBC}") = "CellEditorsDemo_2015", "CellEditorsDemo_2015.csproj", "{36CE571B-BF42-4AFD-A89B-D35DE2BA2ED4}"
EndProject
Global
	GlobalSection(SolutionConfigurationPlatforms) = preSolution
		Debug|x86 = Debug|x86
		Release|x86 = Release|x86
	EndGlobalSection
	GlobalSection(ProjectConfigurationPlatforms) = postSolution
		{36CE571B-BF42-4AFD-A89B-D35DE2BA2ED4}.Debug|x86.ActiveCfg = Debug|x86
		{36CE571B-BF42-4AFD-A89B-D35DE2BA2ED4}.Debug|x86.Build.0 = Debug|x86
		{36CE571B-BF42-4AFD-A89B-D35DE2BA2ED4}.Release|x86.ActiveCfg = Release|x86
		{36CE571B-BF42-4AFD-A89B-D35DE2BA2ED4}.Release|x86.Build.0 = Release|x86
	EndGlobalSection
	GlobalSection(SolutionProperties) = preSolution
		HideSolutionNode = FALSE
	EndGlobalSection
EndGlobal
