
Microsoft Visual Studio Solution File, Format Version 12.00
# Visual Studio 2012
Project("{FAE04EC0-301F-11D3-BF4B-00C04F79EFBC}") = "Business Object Binding_2012", "Business Object Binding_2012.csproj", "{A3AFE5D3-B3E0-4C85-B4E8-E0C6611E4FE4}"
EndProject
Global
	GlobalSection(SolutionConfigurationPlatforms) = preSolution
		Debug|Any CPU = Debug|Any CPU
		Release|Any CPU = Release|Any CPU
	EndGlobalSection
	GlobalSection(ProjectConfigurationPlatforms) = postSolution
		{A3AFE5D3-B3E0-4C85-B4E8-E0C6611E4FE4}.Debug|Any CPU.ActiveCfg = Debug|Any CPU
		{A3AFE5D3-B3E0-4C85-B4E8-E0C6611E4FE4}.Debug|Any CPU.Build.0 = Debug|Any CPU
		{A3AFE5D3-B3E0-4C85-B4E8-E0C6611E4FE4}.Release|Any CPU.ActiveCfg = Release|Any CPU
		{A3AFE5D3-B3E0-4C85-B4E8-E0C6611E4FE4}.Release|Any CPU.Build.0 = Release|Any CPU
	EndGlobalSection
	GlobalSection(SolutionProperties) = preSolution
		HideSolutionNode = FALSE
	EndGlobalSection
EndGlobal
