
Microsoft Visual Studio Solution File, Format Version 12.00
# Visual Studio 2013
VisualStudioVersion = 12.0.21005.1
MinimumVisualStudioVersion = 10.0.40219.1
Project("{FAE04EC0-301F-11D3-BF4B-00C04F79EFBC}") = "DiagramBuilder_2013", "DiagramBuilder_2013.csproj", "{FC36A14A-B05C-475D-A24C-93AD2F6CC70D}"
EndProject
Global
	GlobalSection(SolutionConfigurationPlatforms) = preSolution
		Debug|Any CPU = Debug|Any CPU
		Release|Any CPU = Release|Any CPU
	EndGlobalSection
	GlobalSection(ProjectConfigurationPlatforms) = postSolution
		{FC36A14A-B05C-475D-A24C-93AD2F6CC70D}.Debug|Any CPU.ActiveCfg = Debug|Any CPU
		{FC36A14A-B05C-475D-A24C-93AD2F6CC70D}.Debug|Any CPU.Build.0 = Debug|Any CPU
		{FC36A14A-B05C-475D-A24C-93AD2F6CC70D}.Release|Any CPU.ActiveCfg = Release|Any CPU
		{FC36A14A-B05C-475D-A24C-93AD2F6CC70D}.Release|Any CPU.Build.0 = Release|Any CPU
	EndGlobalSection
	GlobalSection(SolutionProperties) = preSolution
		HideSolutionNode = FALSE
	EndGlobalSection
EndGlobal
