
Microsoft Visual Studio Solution File, Format Version 11.00
# Visual Studio 2010
Project("{FAE04EC0-301F-11D3-BF4B-00C04F79EFBC}") = "DiagramBuilder_2010", "DiagramBuilder_2010.csproj", "{FC36A14A-B05C-475D-A24C-93AD2F6CC70D}"
EndProject
Global
	GlobalSection(SolutionConfigurationPlatforms) = preSolution
		Debug|Any CPU = Debug|Any CPU
		Debug|Mixed Platforms = Debug|Mixed Platforms
		Debug|x86 = Debug|x86
		Debug-Xml|Any CPU = Debug-Xml|Any CPU
		Debug-Xml|Mixed Platforms = Debug-Xml|Mixed Platforms
		Debug-Xml|x86 = Debug-Xml|x86
		Release|Any CPU = Release|Any CPU
		Release|Mixed Platforms = Release|Mixed Platforms
		Release|x86 = Release|x86
		Release-Xml|Any CPU = Release-Xml|Any CPU
		Release-Xml|Mixed Platforms = Release-Xml|Mixed Platforms
		Release-Xml|x86 = Release-Xml|x86
	EndGlobalSection
	GlobalSection(ProjectConfigurationPlatforms) = postSolution
		{FC36A14A-B05C-475D-A24C-93AD2F6CC70D}.Debug|Any CPU.ActiveCfg = Debug|Any CPU
		{FC36A14A-B05C-475D-A24C-93AD2F6CC70D}.Debug|Any CPU.Build.0 = Debug|Any CPU
		{FC36A14A-B05C-475D-A24C-93AD2F6CC70D}.Debug|Mixed Platforms.ActiveCfg = Debug|Any CPU
		{FC36A14A-B05C-475D-A24C-93AD2F6CC70D}.Debug|Mixed Platforms.Build.0 = Debug|Any CPU
		{FC36A14A-B05C-475D-A24C-93AD2F6CC70D}.Debug|x86.ActiveCfg = Debug|Any CPU
		{FC36A14A-B05C-475D-A24C-93AD2F6CC70D}.Debug-Xml|Any CPU.ActiveCfg = Debug|Any CPU
		{FC36A14A-B05C-475D-A24C-93AD2F6CC70D}.Debug-Xml|Any CPU.Build.0 = Debug|Any CPU
		{FC36A14A-B05C-475D-A24C-93AD2F6CC70D}.Debug-Xml|Mixed Platforms.ActiveCfg = Debug|Any CPU
		{FC36A14A-B05C-475D-A24C-93AD2F6CC70D}.Debug-Xml|Mixed Platforms.Build.0 = Debug|Any CPU
		{FC36A14A-B05C-475D-A24C-93AD2F6CC70D}.Debug-Xml|x86.ActiveCfg = Debug|Any CPU
		{FC36A14A-B05C-475D-A24C-93AD2F6CC70D}.Release|Any CPU.ActiveCfg = Release|Any CPU
		{FC36A14A-B05C-475D-A24C-93AD2F6CC70D}.Release|Any CPU.Build.0 = Release|Any CPU
		{FC36A14A-B05C-475D-A24C-93AD2F6CC70D}.Release|Mixed Platforms.ActiveCfg = Release|Any CPU
		{FC36A14A-B05C-475D-A24C-93AD2F6CC70D}.Release|Mixed Platforms.Build.0 = Release|Any CPU
		{FC36A14A-B05C-475D-A24C-93AD2F6CC70D}.Release|x86.ActiveCfg = Release|Any CPU
		{FC36A14A-B05C-475D-A24C-93AD2F6CC70D}.Release-Xml|Any CPU.ActiveCfg = Release|Any CPU
		{FC36A14A-B05C-475D-A24C-93AD2F6CC70D}.Release-Xml|Any CPU.Build.0 = Release|Any CPU
		{FC36A14A-B05C-475D-A24C-93AD2F6CC70D}.Release-Xml|Mixed Platforms.ActiveCfg = Release|Any CPU
		{FC36A14A-B05C-475D-A24C-93AD2F6CC70D}.Release-Xml|Mixed Platforms.Build.0 = Release|Any CPU
		{FC36A14A-B05C-475D-A24C-93AD2F6CC70D}.Release-Xml|x86.ActiveCfg = Release|Any CPU
	EndGlobalSection
	GlobalSection(SolutionProperties) = preSolution
		HideSolutionNode = FALSE
	EndGlobalSection
EndGlobal
