
Microsoft Visual Studio Solution File, Format Version 13.00
# Visual Studio 2013
Project("{FAE04EC0-301F-11D3-BF4B-00C04F79EFBC}") = "TableSummariesDemo_2013", "TableSummariesDemo_2013.csproj", "{84B005CA-2526-4F07-B834-32F0D5569C70}"
EndProject
Global
	GlobalSection(SolutionConfigurationPlatforms) = preSolution
		Debug|x86 = Debug|x86
		Release|x86 = Release|x86
	EndGlobalSection
	GlobalSection(ProjectConfigurationPlatforms) = postSolution
		{84B005CA-2526-4F07-B834-32F0D5569C70}.Debug|x86.ActiveCfg = Debug|x86
		{84B005CA-2526-4F07-B834-32F0D5569C70}.Debug|x86.Build.0 = Debug|x86
		{84B005CA-2526-4F07-B834-32F0D5569C70}.Release|x86.ActiveCfg = Release|x86
		{84B005CA-2526-4F07-B834-32F0D5569C70}.Release|x86.Build.0 = Release|x86
	EndGlobalSection
	GlobalSection(SolutionProperties) = preSolution
		HideSolutionNode = FALSE
	EndGlobalSection
EndGlobal
